
Microsoft Visual Studio Solution File, Format Version 12.00
# Visual Studio Version 17
VisualStudioVersion = 17.6.33801.468
MinimumVisualStudioVersion = 10.0.40219.1
Project("{9A19103F-16F7-4668-BE54-9A1E7A4F7556}") = "Task1", "Task1\Task1.csproj", "{3D1D0C53-1576-40F4-937F-6DC2652913D5}"
EndProject
Project("{9A19103F-16F7-4668-BE54-9A1E7A4F7556}") = "TicTacToe", "TicTacToe\TicTacToe.csproj", "{401EE2C3-E0D5-4A98-B1D4-4280F5E85A86}"
EndProject
Project("{2150E333-8FDC-42A3-9474-1A3956D46DE8}") = "Practice", "Practice", "{F5E79BFA-C1D0-41D3-B9E9-A0D58A09200B}"
EndProject
Project("{9A19103F-16F7-4668-BE54-9A1E7A4F7556}") = "PracticeTask1", "PracticeTask1\PracticeTask1.csproj", "{5CB237FB-358D-4B12-82A4-4B0E644C68C8}"
EndProject
Project("{9A19103F-16F7-4668-BE54-9A1E7A4F7556}") = "PracticeTask2", "PracticeTask2\PracticeTask2.csproj", "{97127318-C0BD-48B3-894F-150A3E440C1F}"
EndProject
Project("{9A19103F-16F7-4668-BE54-9A1E7A4F7556}") = "PracticeTask3", "PracticeTask3\PracticeTask3.csproj", "{8E64C6A4-DF75-4126-8B8D-33D7ACA15C2A}"
EndProject
Project("{9A19103F-16F7-4668-BE54-9A1E7A4F7556}") = "PracticeTask4", "PracticeTask4\PracticeTask4.csproj", "{C59517C4-616E-42C9-81BF-7830D9DC7949}"
EndProject
Project("{9A19103F-16F7-4668-BE54-9A1E7A4F7556}") = "PracticeTask5", "PracticeTask5\PracticeTask5.csproj", "{8938D4E4-FF49-4506-9CAE-FB016D691DCD}"
EndProject
Project("{9A19103F-16F7-4668-BE54-9A1E7A4F7556}") = "PracticeTask6", "PracticeTask6\PracticeTask6.csproj", "{E4454A69-F98D-4815-94B4-4D65C5727C7E}"
EndProject
Project("{9A19103F-16F7-4668-BE54-9A1E7A4F7556}") = "PracticeTask7", "PracticeTask7\PracticeTask7.csproj", "{13F93E57-E246-400E-8B4C-BEB2518EC191}"
EndProject
Project("{9A19103F-16F7-4668-BE54-9A1E7A4F7556}") = "PracticeTask8", "PracticeTask8\PracticeTask8.csproj", "{BAA0A485-A755-4B18-82EA-456845425E87}"
EndProject
Project("{9A19103F-16F7-4668-BE54-9A1E7A4F7556}") = "PracticeTask9", "PracticeTask9\PracticeTask9.csproj", "{CA3DEB6B-316F-4BE6-836A-61D6524BA588}"
EndProject
Project("{9A19103F-16F7-4668-BE54-9A1E7A4F7556}") = "PracticeTask24", "PracticeTask24\PracticeTask24.csproj", "{2D997F50-93BD-49F3-8D68-255F24613928}"
EndProject
Project("{9A19103F-16F7-4668-BE54-9A1E7A4F7556}") = "PracticeTask25", "PracticeTask25\PracticeTask25.csproj", "{C67A1FA2-D396-4616-A613-DBA647E9901F}"
EndProject
Project("{9A19103F-16F7-4668-BE54-9A1E7A4F7556}") = "PracticeTask10", "PracticeTask10\PracticeTask10.csproj", "{36349D6F-4DA8-4EA5-886E-B73CDB02AE63}"
EndProject
Project("{9A19103F-16F7-4668-BE54-9A1E7A4F7556}") = "Phonebook", "Phonebook\Phonebook.csproj", "{F2FB6529-4138-40B4-BF2A-C6D68DDCEDD3}"
EndProject
Project("{2150E333-8FDC-42A3-9474-1A3956D46DE8}") = "Practice classes", "Practice classes", "{3C43B092-F2C2-48C7-8C25-B632683D8F7E}"
EndProject
Project("{9A19103F-16F7-4668-BE54-9A1E7A4F7556}") = "Classes 1", "classes 1\Classes 1.csproj", "{45133CE5-594C-4B4C-9A14-188F20298E9E}"
EndProject
Project("{2150E333-8FDC-42A3-9474-1A3956D46DE8}") = "Practice Basics", "Practice Basics", "{A709198A-0C5B-47E7-9AF7-7DC6D87639B4}"
EndProject
Project("{9A19103F-16F7-4668-BE54-9A1E7A4F7556}") = "Classes 2", "Classes 2\Classes 2.csproj", "{C4FE1DFA-7049-432A-B76D-DDEB63456ABF}"
EndProject
Project("{9A19103F-16F7-4668-BE54-9A1E7A4F7556}") = "Classes 3", "Classes 3\Classes 3.csproj", "{3758F5E1-B2EF-4EA3-B97B-51BFEDBAE24B}"
EndProject
Project("{FAE04EC0-301F-11D3-BF4B-00C04F79EFBC}") = "Classes 4", "Classes 4\Classes 4.csproj", "{64417086-20DC-4267-BC1A-70C73FA3839C}"
EndProject
Project("{FAE04EC0-301F-11D3-BF4B-00C04F79EFBC}") = "Classes 5", "Classes 5\Classes 5.csproj", "{CE31043D-47C8-4CD2-8565-2A9840802C6C}"
EndProject
Global
	GlobalSection(SolutionConfigurationPlatforms) = preSolution
		Debug|Any CPU = Debug|Any CPU
		Release|Any CPU = Release|Any CPU
	EndGlobalSection
	GlobalSection(ProjectConfigurationPlatforms) = postSolution
		{3D1D0C53-1576-40F4-937F-6DC2652913D5}.Debug|Any CPU.ActiveCfg = Debug|Any CPU
		{3D1D0C53-1576-40F4-937F-6DC2652913D5}.Debug|Any CPU.Build.0 = Debug|Any CPU
		{3D1D0C53-1576-40F4-937F-6DC2652913D5}.Release|Any CPU.ActiveCfg = Release|Any CPU
		{3D1D0C53-1576-40F4-937F-6DC2652913D5}.Release|Any CPU.Build.0 = Release|Any CPU
		{401EE2C3-E0D5-4A98-B1D4-4280F5E85A86}.Debug|Any CPU.ActiveCfg = Debug|Any CPU
		{401EE2C3-E0D5-4A98-B1D4-4280F5E85A86}.Debug|Any CPU.Build.0 = Debug|Any CPU
		{401EE2C3-E0D5-4A98-B1D4-4280F5E85A86}.Release|Any CPU.ActiveCfg = Release|Any CPU
		{401EE2C3-E0D5-4A98-B1D4-4280F5E85A86}.Release|Any CPU.Build.0 = Release|Any CPU
		{5CB237FB-358D-4B12-82A4-4B0E644C68C8}.Debug|Any CPU.ActiveCfg = Debug|Any CPU
		{5CB237FB-358D-4B12-82A4-4B0E644C68C8}.Debug|Any CPU.Build.0 = Debug|Any CPU
		{5CB237FB-358D-4B12-82A4-4B0E644C68C8}.Release|Any CPU.ActiveCfg = Release|Any CPU
		{5CB237FB-358D-4B12-82A4-4B0E644C68C8}.Release|Any CPU.Build.0 = Release|Any CPU
		{97127318-C0BD-48B3-894F-150A3E440C1F}.Debug|Any CPU.ActiveCfg = Debug|Any CPU
		{97127318-C0BD-48B3-894F-150A3E440C1F}.Debug|Any CPU.Build.0 = Debug|Any CPU
		{97127318-C0BD-48B3-894F-150A3E440C1F}.Release|Any CPU.ActiveCfg = Release|Any CPU
		{97127318-C0BD-48B3-894F-150A3E440C1F}.Release|Any CPU.Build.0 = Release|Any CPU
		{8E64C6A4-DF75-4126-8B8D-33D7ACA15C2A}.Debug|Any CPU.ActiveCfg = Debug|Any CPU
		{8E64C6A4-DF75-4126-8B8D-33D7ACA15C2A}.Debug|Any CPU.Build.0 = Debug|Any CPU
		{8E64C6A4-DF75-4126-8B8D-33D7ACA15C2A}.Release|Any CPU.ActiveCfg = Release|Any CPU
		{8E64C6A4-DF75-4126-8B8D-33D7ACA15C2A}.Release|Any CPU.Build.0 = Release|Any CPU
		{C59517C4-616E-42C9-81BF-7830D9DC7949}.Debug|Any CPU.ActiveCfg = Debug|Any CPU
		{C59517C4-616E-42C9-81BF-7830D9DC7949}.Debug|Any CPU.Build.0 = Debug|Any CPU
		{C59517C4-616E-42C9-81BF-7830D9DC7949}.Release|Any CPU.ActiveCfg = Release|Any CPU
		{C59517C4-616E-42C9-81BF-7830D9DC7949}.Release|Any CPU.Build.0 = Release|Any CPU
		{8938D4E4-FF49-4506-9CAE-FB016D691DCD}.Debug|Any CPU.ActiveCfg = Debug|Any CPU
		{8938D4E4-FF49-4506-9CAE-FB016D691DCD}.Debug|Any CPU.Build.0 = Debug|Any CPU
		{8938D4E4-FF49-4506-9CAE-FB016D691DCD}.Release|Any CPU.ActiveCfg = Release|Any CPU
		{8938D4E4-FF49-4506-9CAE-FB016D691DCD}.Release|Any CPU.Build.0 = Release|Any CPU
		{E4454A69-F98D-4815-94B4-4D65C5727C7E}.Debug|Any CPU.ActiveCfg = Debug|Any CPU
		{E4454A69-F98D-4815-94B4-4D65C5727C7E}.Debug|Any CPU.Build.0 = Debug|Any CPU
		{E4454A69-F98D-4815-94B4-4D65C5727C7E}.Release|Any CPU.ActiveCfg = Release|Any CPU
		{E4454A69-F98D-4815-94B4-4D65C5727C7E}.Release|Any CPU.Build.0 = Release|Any CPU
		{13F93E57-E246-400E-8B4C-BEB2518EC191}.Debug|Any CPU.ActiveCfg = Debug|Any CPU
		{13F93E57-E246-400E-8B4C-BEB2518EC191}.Debug|Any CPU.Build.0 = Debug|Any CPU
		{13F93E57-E246-400E-8B4C-BEB2518EC191}.Release|Any CPU.ActiveCfg = Release|Any CPU
		{13F93E57-E246-400E-8B4C-BEB2518EC191}.Release|Any CPU.Build.0 = Release|Any CPU
		{BAA0A485-A755-4B18-82EA-456845425E87}.Debug|Any CPU.ActiveCfg = Debug|Any CPU
		{BAA0A485-A755-4B18-82EA-456845425E87}.Debug|Any CPU.Build.0 = Debug|Any CPU
		{BAA0A485-A755-4B18-82EA-456845425E87}.Release|Any CPU.ActiveCfg = Release|Any CPU
		{BAA0A485-A755-4B18-82EA-456845425E87}.Release|Any CPU.Build.0 = Release|Any CPU
		{CA3DEB6B-316F-4BE6-836A-61D6524BA588}.Debug|Any CPU.ActiveCfg = Debug|Any CPU
		{CA3DEB6B-316F-4BE6-836A-61D6524BA588}.Debug|Any CPU.Build.0 = Debug|Any CPU
		{CA3DEB6B-316F-4BE6-836A-61D6524BA588}.Release|Any CPU.ActiveCfg = Release|Any CPU
		{CA3DEB6B-316F-4BE6-836A-61D6524BA588}.Release|Any CPU.Build.0 = Release|Any CPU
		{2D997F50-93BD-49F3-8D68-255F24613928}.Debug|Any CPU.ActiveCfg = Debug|Any CPU
		{2D997F50-93BD-49F3-8D68-255F24613928}.Debug|Any CPU.Build.0 = Debug|Any CPU
		{2D997F50-93BD-49F3-8D68-255F24613928}.Release|Any CPU.ActiveCfg = Release|Any CPU
		{2D997F50-93BD-49F3-8D68-255F24613928}.Release|Any CPU.Build.0 = Release|Any CPU
		{C67A1FA2-D396-4616-A613-DBA647E9901F}.Debug|Any CPU.ActiveCfg = Debug|Any CPU
		{C67A1FA2-D396-4616-A613-DBA647E9901F}.Debug|Any CPU.Build.0 = Debug|Any CPU
		{C67A1FA2-D396-4616-A613-DBA647E9901F}.Release|Any CPU.ActiveCfg = Release|Any CPU
		{C67A1FA2-D396-4616-A613-DBA647E9901F}.Release|Any CPU.Build.0 = Release|Any CPU
		{36349D6F-4DA8-4EA5-886E-B73CDB02AE63}.Debug|Any CPU.ActiveCfg = Debug|Any CPU
		{36349D6F-4DA8-4EA5-886E-B73CDB02AE63}.Debug|Any CPU.Build.0 = Debug|Any CPU
		{36349D6F-4DA8-4EA5-886E-B73CDB02AE63}.Release|Any CPU.ActiveCfg = Release|Any CPU
		{36349D6F-4DA8-4EA5-886E-B73CDB02AE63}.Release|Any CPU.Build.0 = Release|Any CPU
		{F2FB6529-4138-40B4-BF2A-C6D68DDCEDD3}.Debug|Any CPU.ActiveCfg = Debug|Any CPU
		{F2FB6529-4138-40B4-BF2A-C6D68DDCEDD3}.Debug|Any CPU.Build.0 = Debug|Any CPU
		{F2FB6529-4138-40B4-BF2A-C6D68DDCEDD3}.Release|Any CPU.ActiveCfg = Release|Any CPU
		{F2FB6529-4138-40B4-BF2A-C6D68DDCEDD3}.Release|Any CPU.Build.0 = Release|Any CPU
		{45133CE5-594C-4B4C-9A14-188F20298E9E}.Debug|Any CPU.ActiveCfg = Debug|Any CPU
		{45133CE5-594C-4B4C-9A14-188F20298E9E}.Debug|Any CPU.Build.0 = Debug|Any CPU
		{45133CE5-594C-4B4C-9A14-188F20298E9E}.Release|Any CPU.ActiveCfg = Release|Any CPU
		{45133CE5-594C-4B4C-9A14-188F20298E9E}.Release|Any CPU.Build.0 = Release|Any CPU
		{C4FE1DFA-7049-432A-B76D-DDEB63456ABF}.Debug|Any CPU.ActiveCfg = Debug|Any CPU
		{C4FE1DFA-7049-432A-B76D-DDEB63456ABF}.Debug|Any CPU.Build.0 = Debug|Any CPU
		{C4FE1DFA-7049-432A-B76D-DDEB63456ABF}.Release|Any CPU.ActiveCfg = Release|Any CPU
		{C4FE1DFA-7049-432A-B76D-DDEB63456ABF}.Release|Any CPU.Build.0 = Release|Any CPU
		{3758F5E1-B2EF-4EA3-B97B-51BFEDBAE24B}.Debug|Any CPU.ActiveCfg = Debug|Any CPU
		{3758F5E1-B2EF-4EA3-B97B-51BFEDBAE24B}.Debug|Any CPU.Build.0 = Debug|Any CPU
		{3758F5E1-B2EF-4EA3-B97B-51BFEDBAE24B}.Release|Any CPU.ActiveCfg = Release|Any CPU
		{3758F5E1-B2EF-4EA3-B97B-51BFEDBAE24B}.Release|Any CPU.Build.0 = Release|Any CPU
		{64417086-20DC-4267-BC1A-70C73FA3839C}.Debug|Any CPU.ActiveCfg = Debug|Any CPU
		{64417086-20DC-4267-BC1A-70C73FA3839C}.Debug|Any CPU.Build.0 = Debug|Any CPU
		{64417086-20DC-4267-BC1A-70C73FA3839C}.Release|Any CPU.ActiveCfg = Release|Any CPU
		{64417086-20DC-4267-BC1A-70C73FA3839C}.Release|Any CPU.Build.0 = Release|Any CPU
		{CE31043D-47C8-4CD2-8565-2A9840802C6C}.Debug|Any CPU.ActiveCfg = Debug|Any CPU
		{CE31043D-47C8-4CD2-8565-2A9840802C6C}.Debug|Any CPU.Build.0 = Debug|Any CPU
		{CE31043D-47C8-4CD2-8565-2A9840802C6C}.Release|Any CPU.ActiveCfg = Release|Any CPU
		{CE31043D-47C8-4CD2-8565-2A9840802C6C}.Release|Any CPU.Build.0 = Release|Any CPU
	EndGlobalSection
	GlobalSection(SolutionProperties) = preSolution
		HideSolutionNode = FALSE
	EndGlobalSection
	GlobalSection(NestedProjects) = preSolution
		{5CB237FB-358D-4B12-82A4-4B0E644C68C8} = {A709198A-0C5B-47E7-9AF7-7DC6D87639B4}
		{97127318-C0BD-48B3-894F-150A3E440C1F} = {A709198A-0C5B-47E7-9AF7-7DC6D87639B4}
		{8E64C6A4-DF75-4126-8B8D-33D7ACA15C2A} = {A709198A-0C5B-47E7-9AF7-7DC6D87639B4}
		{C59517C4-616E-42C9-81BF-7830D9DC7949} = {A709198A-0C5B-47E7-9AF7-7DC6D87639B4}
		{8938D4E4-FF49-4506-9CAE-FB016D691DCD} = {A709198A-0C5B-47E7-9AF7-7DC6D87639B4}
		{E4454A69-F98D-4815-94B4-4D65C5727C7E} = {A709198A-0C5B-47E7-9AF7-7DC6D87639B4}
		{13F93E57-E246-400E-8B4C-BEB2518EC191} = {A709198A-0C5B-47E7-9AF7-7DC6D87639B4}
		{BAA0A485-A755-4B18-82EA-456845425E87} = {A709198A-0C5B-47E7-9AF7-7DC6D87639B4}
		{CA3DEB6B-316F-4BE6-836A-61D6524BA588} = {A709198A-0C5B-47E7-9AF7-7DC6D87639B4}
		{2D997F50-93BD-49F3-8D68-255F24613928} = {A709198A-0C5B-47E7-9AF7-7DC6D87639B4}
		{C67A1FA2-D396-4616-A613-DBA647E9901F} = {A709198A-0C5B-47E7-9AF7-7DC6D87639B4}
		{36349D6F-4DA8-4EA5-886E-B73CDB02AE63} = {A709198A-0C5B-47E7-9AF7-7DC6D87639B4}
		{3C43B092-F2C2-48C7-8C25-B632683D8F7E} = {F5E79BFA-C1D0-41D3-B9E9-A0D58A09200B}
		{45133CE5-594C-4B4C-9A14-188F20298E9E} = {3C43B092-F2C2-48C7-8C25-B632683D8F7E}
		{A709198A-0C5B-47E7-9AF7-7DC6D87639B4} = {F5E79BFA-C1D0-41D3-B9E9-A0D58A09200B}
		{C4FE1DFA-7049-432A-B76D-DDEB63456ABF} = {3C43B092-F2C2-48C7-8C25-B632683D8F7E}
		{3758F5E1-B2EF-4EA3-B97B-51BFEDBAE24B} = {3C43B092-F2C2-48C7-8C25-B632683D8F7E}
		{64417086-20DC-4267-BC1A-70C73FA3839C} = {3C43B092-F2C2-48C7-8C25-B632683D8F7E}
		{CE31043D-47C8-4CD2-8565-2A9840802C6C} = {3C43B092-F2C2-48C7-8C25-B632683D8F7E}
	EndGlobalSection
	GlobalSection(ExtensibilityGlobals) = postSolution
		SolutionGuid = {58BF4534-6480-4293-AE14-D12A22937461}
	EndGlobalSection
EndGlobal
