
Microsoft Visual Studio Solution File, Format Version 12.00
# Visual Studio Version 17
VisualStudioVersion = 17.6.33801.468
MinimumVisualStudioVersion = 10.0.40219.1
Project("{9A19103F-16F7-4668-BE54-9A1E7A4F7556}") = "Task1", "Task1\Task1.csproj", "{3D1D0C53-1576-40F4-937F-6DC2652913D5}"
EndProject
Project("{9A19103F-16F7-4668-BE54-9A1E7A4F7556}") = "TicTacToe", "TicTacToe\TicTacToe.csproj", "{401EE2C3-E0D5-4A98-B1D4-4280F5E85A86}"
EndProject
Project("{2150E333-8FDC-42A3-9474-1A3956D46DE8}") = "Practice", "Practice", "{F5E79BFA-C1D0-41D3-B9E9-A0D58A09200B}"
EndProject
Project("{9A19103F-16F7-4668-BE54-9A1E7A4F7556}") = "PracticeTask1", "PracticeTask1\PracticeTask1.csproj", "{5CB237FB-358D-4B12-82A4-4B0E644C68C8}"
EndProject
Project("{9A19103F-16F7-4668-BE54-9A1E7A4F7556}") = "PracticeTask2", "PracticeTask2\PracticeTask2.csproj", "{97127318-C0BD-48B3-894F-150A3E440C1F}"
EndProject
Project("{9A19103F-16F7-4668-BE54-9A1E7A4F7556}") = "PracticeTask3", "PracticeTask3\PracticeTask3.csproj", "{8E64C6A4-DF75-4126-8B8D-33D7ACA15C2A}"
EndProject
Project("{9A19103F-16F7-4668-BE54-9A1E7A4F7556}") = "PracticeTask4", "PracticeTask4\PracticeTask4.csproj", "{C59517C4-616E-42C9-81BF-7830D9DC7949}"
EndProject
Project("{9A19103F-16F7-4668-BE54-9A1E7A4F7556}") = "PracticeTask5", "PracticeTask5\PracticeTask5.csproj", "{8938D4E4-FF49-4506-9CAE-FB016D691DCD}"
EndProject
Project("{9A19103F-16F7-4668-BE54-9A1E7A4F7556}") = "PracticeTask6", "PracticeTask6\PracticeTask6.csproj", "{E4454A69-F98D-4815-94B4-4D65C5727C7E}"
EndProject
Project("{FAE04EC0-301F-11D3-BF4B-00C04F79EFBC}") = "PracticeTask7", "PracticeTask7\PracticeTask7.csproj", "{13F93E57-E246-400E-8B4C-BEB2518EC191}"
EndProject
Project("{FAE04EC0-301F-11D3-BF4B-00C04F79EFBC}") = "PracticeTask8", "PracticeTask8\PracticeTask8.csproj", "{BAA0A485-A755-4B18-82EA-456845425E87}"
EndProject
Project("{FAE04EC0-301F-11D3-BF4B-00C04F79EFBC}") = "PracticeTask9", "PracticeTask9\PracticeTask9.csproj", "{CA3DEB6B-316F-4BE6-836A-61D6524BA588}"
EndProject
Global
	GlobalSection(SolutionConfigurationPlatforms) = preSolution
		Debug|Any CPU = Debug|Any CPU
		Release|Any CPU = Release|Any CPU
	EndGlobalSection
	GlobalSection(ProjectConfigurationPlatforms) = postSolution
		{3D1D0C53-1576-40F4-937F-6DC2652913D5}.Debug|Any CPU.ActiveCfg = Debug|Any CPU
		{3D1D0C53-1576-40F4-937F-6DC2652913D5}.Debug|Any CPU.Build.0 = Debug|Any CPU
		{3D1D0C53-1576-40F4-937F-6DC2652913D5}.Release|Any CPU.ActiveCfg = Release|Any CPU
		{3D1D0C53-1576-40F4-937F-6DC2652913D5}.Release|Any CPU.Build.0 = Release|Any CPU
		{401EE2C3-E0D5-4A98-B1D4-4280F5E85A86}.Debug|Any CPU.ActiveCfg = Debug|Any CPU
		{401EE2C3-E0D5-4A98-B1D4-4280F5E85A86}.Debug|Any CPU.Build.0 = Debug|Any CPU
		{401EE2C3-E0D5-4A98-B1D4-4280F5E85A86}.Release|Any CPU.ActiveCfg = Release|Any CPU
		{401EE2C3-E0D5-4A98-B1D4-4280F5E85A86}.Release|Any CPU.Build.0 = Release|Any CPU
		{5CB237FB-358D-4B12-82A4-4B0E644C68C8}.Debug|Any CPU.ActiveCfg = Debug|Any CPU
		{5CB237FB-358D-4B12-82A4-4B0E644C68C8}.Debug|Any CPU.Build.0 = Debug|Any CPU
		{5CB237FB-358D-4B12-82A4-4B0E644C68C8}.Release|Any CPU.ActiveCfg = Release|Any CPU
		{5CB237FB-358D-4B12-82A4-4B0E644C68C8}.Release|Any CPU.Build.0 = Release|Any CPU
		{97127318-C0BD-48B3-894F-150A3E440C1F}.Debug|Any CPU.ActiveCfg = Debug|Any CPU
		{97127318-C0BD-48B3-894F-150A3E440C1F}.Debug|Any CPU.Build.0 = Debug|Any CPU
		{97127318-C0BD-48B3-894F-150A3E440C1F}.Release|Any CPU.ActiveCfg = Release|Any CPU
		{97127318-C0BD-48B3-894F-150A3E440C1F}.Release|Any CPU.Build.0 = Release|Any CPU
		{8E64C6A4-DF75-4126-8B8D-33D7ACA15C2A}.Debug|Any CPU.ActiveCfg = Debug|Any CPU
		{8E64C6A4-DF75-4126-8B8D-33D7ACA15C2A}.Debug|Any CPU.Build.0 = Debug|Any CPU
		{8E64C6A4-DF75-4126-8B8D-33D7ACA15C2A}.Release|Any CPU.ActiveCfg = Release|Any CPU
		{8E64C6A4-DF75-4126-8B8D-33D7ACA15C2A}.Release|Any CPU.Build.0 = Release|Any CPU
		{C59517C4-616E-42C9-81BF-7830D9DC7949}.Debug|Any CPU.ActiveCfg = Debug|Any CPU
		{C59517C4-616E-42C9-81BF-7830D9DC7949}.Debug|Any CPU.Build.0 = Debug|Any CPU
		{C59517C4-616E-42C9-81BF-7830D9DC7949}.Release|Any CPU.ActiveCfg = Release|Any CPU
		{C59517C4-616E-42C9-81BF-7830D9DC7949}.Release|Any CPU.Build.0 = Release|Any CPU
		{8938D4E4-FF49-4506-9CAE-FB016D691DCD}.Debug|Any CPU.ActiveCfg = Debug|Any CPU
		{8938D4E4-FF49-4506-9CAE-FB016D691DCD}.Debug|Any CPU.Build.0 = Debug|Any CPU
		{8938D4E4-FF49-4506-9CAE-FB016D691DCD}.Release|Any CPU.ActiveCfg = Release|Any CPU
		{8938D4E4-FF49-4506-9CAE-FB016D691DCD}.Release|Any CPU.Build.0 = Release|Any CPU
		{E4454A69-F98D-4815-94B4-4D65C5727C7E}.Debug|Any CPU.ActiveCfg = Debug|Any CPU
		{E4454A69-F98D-4815-94B4-4D65C5727C7E}.Debug|Any CPU.Build.0 = Debug|Any CPU
		{E4454A69-F98D-4815-94B4-4D65C5727C7E}.Release|Any CPU.ActiveCfg = Release|Any CPU
		{E4454A69-F98D-4815-94B4-4D65C5727C7E}.Release|Any CPU.Build.0 = Release|Any CPU
		{13F93E57-E246-400E-8B4C-BEB2518EC191}.Debug|Any CPU.ActiveCfg = Debug|Any CPU
		{13F93E57-E246-400E-8B4C-BEB2518EC191}.Debug|Any CPU.Build.0 = Debug|Any CPU
		{13F93E57-E246-400E-8B4C-BEB2518EC191}.Release|Any CPU.ActiveCfg = Release|Any CPU
		{13F93E57-E246-400E-8B4C-BEB2518EC191}.Release|Any CPU.Build.0 = Release|Any CPU
		{BAA0A485-A755-4B18-82EA-456845425E87}.Debug|Any CPU.ActiveCfg = Debug|Any CPU
		{BAA0A485-A755-4B18-82EA-456845425E87}.Debug|Any CPU.Build.0 = Debug|Any CPU
		{BAA0A485-A755-4B18-82EA-456845425E87}.Release|Any CPU.ActiveCfg = Release|Any CPU
		{BAA0A485-A755-4B18-82EA-456845425E87}.Release|Any CPU.Build.0 = Release|Any CPU
		{CA3DEB6B-316F-4BE6-836A-61D6524BA588}.Debug|Any CPU.ActiveCfg = Debug|Any CPU
		{CA3DEB6B-316F-4BE6-836A-61D6524BA588}.Debug|Any CPU.Build.0 = Debug|Any CPU
		{CA3DEB6B-316F-4BE6-836A-61D6524BA588}.Release|Any CPU.ActiveCfg = Release|Any CPU
		{CA3DEB6B-316F-4BE6-836A-61D6524BA588}.Release|Any CPU.Build.0 = Release|Any CPU
	EndGlobalSection
	GlobalSection(SolutionProperties) = preSolution
		HideSolutionNode = FALSE
	EndGlobalSection
	GlobalSection(NestedProjects) = preSolution
		{5CB237FB-358D-4B12-82A4-4B0E644C68C8} = {F5E79BFA-C1D0-41D3-B9E9-A0D58A09200B}
		{97127318-C0BD-48B3-894F-150A3E440C1F} = {F5E79BFA-C1D0-41D3-B9E9-A0D58A09200B}
		{8E64C6A4-DF75-4126-8B8D-33D7ACA15C2A} = {F5E79BFA-C1D0-41D3-B9E9-A0D58A09200B}
		{C59517C4-616E-42C9-81BF-7830D9DC7949} = {F5E79BFA-C1D0-41D3-B9E9-A0D58A09200B}
		{8938D4E4-FF49-4506-9CAE-FB016D691DCD} = {F5E79BFA-C1D0-41D3-B9E9-A0D58A09200B}
		{E4454A69-F98D-4815-94B4-4D65C5727C7E} = {F5E79BFA-C1D0-41D3-B9E9-A0D58A09200B}
		{13F93E57-E246-400E-8B4C-BEB2518EC191} = {F5E79BFA-C1D0-41D3-B9E9-A0D58A09200B}
		{BAA0A485-A755-4B18-82EA-456845425E87} = {F5E79BFA-C1D0-41D3-B9E9-A0D58A09200B}
		{CA3DEB6B-316F-4BE6-836A-61D6524BA588} = {F5E79BFA-C1D0-41D3-B9E9-A0D58A09200B}
	EndGlobalSection
	GlobalSection(ExtensibilityGlobals) = postSolution
		SolutionGuid = {58BF4534-6480-4293-AE14-D12A22937461}
	EndGlobalSection
EndGlobal
